
Microsoft Visual Studio Solution File, Format Version 12.00
# Visual Studio Version 17
VisualStudioVersion = 17.13.35913.81 d17.13
MinimumVisualStudioVersion = 10.0.40219.1
Project("{FAE04EC0-301F-11D3-BF4B-00C04F79EFBC}") = "SistemaAcademico", "SistemaAcademico\SistemaAcademico.csproj", "{CCFCA323-042F-4F13-847D-6B5803D1E4E9}"
EndProject
Project("{FAE04EC0-301F-11D3-BF4B-00C04F79EFBC}") = "SistemaAcademico.DAL", "SistemaAcademico.DAL\SistemaAcademico.DAL.csproj", "{F02D391F-66A5-45D8-BC06-BC285661B6BF}"
EndProject
Project("{FAE04EC0-301F-11D3-BF4B-00C04F79EFBC}") = "SistemaAcademico.BLL", "SistemaAcademico.BLL\SistemaAcademico.BLL.csproj", "{8C2BB29B-53B9-4546-88E9-183BCA9EF416}"
EndProject
Global
	GlobalSection(SolutionConfigurationPlatforms) = preSolution
		Debug|Any CPU = Debug|Any CPU
		Release|Any CPU = Release|Any CPU
	EndGlobalSection
	GlobalSection(ProjectConfigurationPlatforms) = postSolution
		{CCFCA323-042F-4F13-847D-6B5803D1E4E9}.Debug|Any CPU.ActiveCfg = Debug|Any CPU
		{CCFCA323-042F-4F13-847D-6B5803D1E4E9}.Debug|Any CPU.Build.0 = Debug|Any CPU
		{CCFCA323-042F-4F13-847D-6B5803D1E4E9}.Release|Any CPU.ActiveCfg = Release|Any CPU
		{CCFCA323-042F-4F13-847D-6B5803D1E4E9}.Release|Any CPU.Build.0 = Release|Any CPU
		{F02D391F-66A5-45D8-BC06-BC285661B6BF}.Debug|Any CPU.ActiveCfg = Debug|Any CPU
		{F02D391F-66A5-45D8-BC06-BC285661B6BF}.Debug|Any CPU.Build.0 = Debug|Any CPU
		{F02D391F-66A5-45D8-BC06-BC285661B6BF}.Release|Any CPU.ActiveCfg = Release|Any CPU
		{F02D391F-66A5-45D8-BC06-BC285661B6BF}.Release|Any CPU.Build.0 = Release|Any CPU
		{8C2BB29B-53B9-4546-88E9-183BCA9EF416}.Debug|Any CPU.ActiveCfg = Debug|Any CPU
		{8C2BB29B-53B9-4546-88E9-183BCA9EF416}.Debug|Any CPU.Build.0 = Debug|Any CPU
		{8C2BB29B-53B9-4546-88E9-183BCA9EF416}.Release|Any CPU.ActiveCfg = Release|Any CPU
		{8C2BB29B-53B9-4546-88E9-183BCA9EF416}.Release|Any CPU.Build.0 = Release|Any CPU
	EndGlobalSection
	GlobalSection(SolutionProperties) = preSolution
		HideSolutionNode = FALSE
	EndGlobalSection
	GlobalSection(ExtensibilityGlobals) = postSolution
		SolutionGuid = {770142D0-1B6A-4C34-B1D0-3E78E149D250}
	EndGlobalSection
EndGlobal
